<?xml version="1.0" encoding="utf-8"?>
<Project ToolsVersion="4.0" xmlns="http://schemas.microsoft.com/developer/msbuild/2003">
  <ItemGroup>
    <Filter Include="Source Files">
      <UniqueIdentifier>{4FC737F1-C7A5-4376-A066-2A32D752A2FF}</UniqueIdentifier>
      <Extensions>cpp;c;cc;cxx;def;odl;idl;hpj;bat;asm;asmx</Extensions>
    </Filter>
    <Filter Include="Header Files">
      <UniqueIdentifier>{93995380-89BD-4b04-88EB-625FBE52EBFB}</UniqueIdentifier>
      <Extensions>h;hpp;hxx;hm;inl;inc;xsd</Extensions>
    </Filter>
    <Filter Include="SourceMod SDK">
      <UniqueIdentifier>{31958233-BB2D-4e41-A8F9-CE8A4684F436}</UniqueIdentifier>
    </Filter>
    <Filter Include="asm">
      <UniqueIdentifier>{09a977f6-295d-4943-9a52-abfbca37f34c}</UniqueIdentifier>
    </Filter>
    <Filter Include="CDetour">
      <UniqueIdentifier>{69bedc1d-a266-4703-9975-230399fbd4bd}</UniqueIdentifier>
    </Filter>
    <Filter Include="detours">
      <UniqueIdentifier>{5929615e-f972-435e-b78c-5dc22c84100a}</UniqueIdentifier>
    </Filter>
    <Filter Include="codepatch">
      <UniqueIdentifier>{bc049e48-2e43-4967-a40d-af7702f99494}</UniqueIdentifier>
    </Filter>
    <Filter Include="Source Files\Resource Files">
      <UniqueIdentifier>{67DA6AB6-F800-4c08-8B7A-83BB121AAD01}</UniqueIdentifier>
      <Extensions>rc;ico;cur;bmp;dlg;rc2;rct;bin;rgs;gif;jpg;jpeg;jpe;resx;tiff;tif;png;wav</Extensions>
    </Filter>
  </ItemGroup>
  <ItemGroup>
    <ClCompile Include="..\extension.cpp">
      <Filter>Source Files</Filter>
    </ClCompile>
    <ClCompile Include="..\natives.cpp">
      <Filter>Source Files</Filter>
    </ClCompile>
    <ClCompile Include="..\timernatives.cpp">
      <Filter>Source Files</Filter>
    </ClCompile>
    <ClCompile Include="..\util.cpp">
      <Filter>Source Files</Filter>
    </ClCompile>
    <ClCompile Include="..\vglobals.cpp">
      <Filter>Source Files</Filter>
    </ClCompile>
    <ClCompile Include="..\asm\asm.c">
      <Filter>asm</Filter>
    </ClCompile>
    <ClCompile Include="..\l4d2sdk\l4d2timers.cpp">
      <Filter>Source Files</Filter>
    </ClCompile>
    <ClCompile Include="..\detours\clear_team_scores.cpp">
      <Filter>detours</Filter>
    </ClCompile>
    <ClCompile Include="..\detours\detour.cpp">
      <Filter>detours</Filter>
    </ClCompile>
    <ClCompile Include="..\detours\first_survivor_left_safe_area.cpp">
      <Filter>detours</Filter>
    </ClCompile>
    <ClCompile Include="..\detours\get_script_value_int.cpp">
      <Filter>detours</Filter>
    </ClCompile>
    <ClCompile Include="..\detours\mob_rush_start.cpp">
      <Filter>detours</Filter>
    </ClCompile>
    <ClCompile Include="..\detours\set_campaign_scores.cpp">
      <Filter>detours</Filter>
    </ClCompile>
    <ClCompile Include="..\detours\spawn_tank.cpp">
      <Filter>detours</Filter>
    </ClCompile>
    <ClCompile Include="..\detours\spawn_witch.cpp">
      <Filter>detours</Filter>
    </ClCompile>
    <ClCompile Include="..\detours\try_offering_tank_bot.cpp">
      <Filter>detours</Filter>
    </ClCompile>
    <ClCompile Include="..\codepatch\patchmanager.cpp">
      <Filter>codepatch</Filter>
    </ClCompile>
    <ClCompile Include="..\detours\shoved_by_survivor.cpp">
      <Filter>detours</Filter>
    </ClCompile>
    <ClCompile Include="..\detours\spawn_it_mob.cpp">
      <Filter>detours</Filter>
    </ClCompile>
    <ClCompile Include="..\detours\spawn_mob.cpp">
      <Filter>detours</Filter>
    </ClCompile>
    <ClCompile Include="..\detours\get_walk_top_speed.cpp">
      <Filter>detours</Filter>
    </ClCompile>
    <ClCompile Include="..\detours\get_crouch_top_speed.cpp">
      <Filter>detours</Filter>
    </ClCompile>
    <ClCompile Include="..\detours\get_run_top_speed.cpp">
      <Filter>detours</Filter>
    </ClCompile>
    <ClCompile Include="..\detours\has_configurable_difficulty.cpp">
      <Filter>detours</Filter>
    </ClCompile>
    <ClCompile Include="..\detours\fast_get_survivor_set.cpp">
      <Filter>detours</Filter>
    </ClCompile>
    <ClCompile Include="..\detours\get_survivor_set.cpp">
      <Filter>detours</Filter>
    </ClCompile>
    <ClCompile Include="..\detours\get_mission_versus_boss_spawning.cpp">
      <Filter>detours</Filter>
    </ClCompile>
    <ClCompile Include="..\detours\cthrow_activate_ability.cpp">
      <Filter>detours</Filter>
    </ClCompile>
    <ClCompile Include="..\detours\on_revived.cpp">
      <Filter>detours</Filter>
    </ClCompile>
    <ClCompile Include="..\detours\start_melee_swing.cpp">
      <Filter>detours</Filter>
    </ClCompile>
    <ClCompile Include="..\weaponnatives.cpp">
      <Filter>Source Files</Filter>
    </ClCompile>
    <ClCompile Include="..\meleeweaponnatives.cpp">
      <Filter>Source Files</Filter>
    </ClCompile>
    <ClCompile Include="..\directornatives.cpp">
      <Filter>Source Files</Filter>
    </ClCompile>
    <ClCompile Include="..\detours\send_in_rescue_vehicle.cpp">
      <Filter>detours</Filter>
    </ClCompile>
    <ClCompile Include="..\detours\change_finale_stage.cpp">
      <Filter>detours</Filter>
    </ClCompile>
    <ClCompile Include="..\detours\get_script_value_float.cpp">
      <Filter>detours</Filter>
    </ClCompile>
    <ClCompile Include="..\detours\get_script_value_string.cpp">
      <Filter>detours</Filter>
    </ClCompile>
    <ClCompile Include="..\detours\end_versus_mode_round.cpp">
      <Filter>detours</Filter>
    </ClCompile>
    <ClCompile Include="..\detours\select_weighted_sequence.cpp">
      <Filter>detours</Filter>
    </ClCompile>
    <ClCompile Include="..\detours\spawn_special.cpp">
      <Filter>detours</Filter>
    </ClCompile>
    <ClCompile Include="..\detours\spawn_witchbride.cpp">
      <Filter>detours</Filter>
    </ClCompile>
    <ClCompile Include="..\detours\use_healing_items.cpp">
      <Filter>detours</Filter>
    </ClCompile>
    <ClCompile Include="..\detours\find_scavenge_item.cpp">
      <Filter>detours</Filter>
    </ClCompile>
    <ClCompile Include="..\sdk\smsdk_ext.cpp">
      <Filter>Source Files</Filter>
    </ClCompile>
    <ClCompile Include="..\detours\get_mission_info.cpp">
      <Filter>detours</Filter>
    </ClCompile>
    <ClCompile Include="..\detours\on_stagger.cpp">
      <Filter>detours</Filter>
    </ClCompile>
    <ClCompile Include="..\detours\water_move.cpp">
      <Filter>detours</Filter>
    </ClCompile>
    <ClCompile Include="..\addons_disabler.cpp">
      <Filter>Source Files</Filter>
    </ClCompile>
    <ClCompile Include="..\detours\terror_weapon_hit.cpp">
      <Filter>detours</Filter>
    </ClCompile>
    <ClCompile Include="..\detours\replace_tank.cpp">
      <Filter>detours</Filter>
    </ClCompile>
	<ClCompile Include="..\detours\choose_victim.cpp">
      <Filter>detours</Filter>
    </ClCompile>
    <ClCompile Include="..\l4d2sdk\l4d2calls.cpp">
      <Filter>Source Files</Filter>
    </ClCompile>
  </ItemGroup>
  <ItemGroup>
    <ClInclude Include="..\convar_public.h">
      <Filter>Header Files</Filter>
    </ClInclude>
    <ClInclude Include="..\extension.h">
      <Filter>Header Files</Filter>
    </ClInclude>
    <ClInclude Include="..\util.h">
      <Filter>Header Files</Filter>
    </ClInclude>
    <ClInclude Include="..\vglobals.h">
      <Filter>Header Files</Filter>
    </ClInclude>
    <ClInclude Include="..\sdk\smsdk_config.h">
      <Filter>SourceMod SDK</Filter>
    </ClInclude>
    <ClInclude Include="..\asm\asm.h">
      <Filter>asm</Filter>
    </ClInclude>
    <ClInclude Include="..\CDetour\detourhelpers.h">
      <Filter>CDetour</Filter>
    </ClInclude>
    <ClInclude Include="..\detours\auto_forward.h">
      <Filter>detours</Filter>
    </ClInclude>
    <ClInclude Include="..\detours\clear_team_scores.h">
      <Filter>detours</Filter>
    </ClInclude>
    <ClInclude Include="..\detours\detour.h">
      <Filter>detours</Filter>
    </ClInclude>
    <ClInclude Include="..\detours\detour_template.h">
      <Filter>detours</Filter>
    </ClInclude>
    <ClInclude Include="..\detours\first_survivor_left_safe_area.h">
      <Filter>detours</Filter>
    </ClInclude>
    <ClInclude Include="..\detours\get_script_value_int.h">
      <Filter>detours</Filter>
    </ClInclude>
    <ClInclude Include="..\detours\is_finale.h">
      <Filter>detours</Filter>
    </ClInclude>
    <ClInclude Include="..\detours\mob_rush_start.h">
      <Filter>detours</Filter>
    </ClInclude>
    <ClInclude Include="..\detours\on_enter_ghost_state.h">
      <Filter>detours</Filter>
    </ClInclude>
    <ClInclude Include="..\detours\set_campaign_scores.h">
      <Filter>detours</Filter>
    </ClInclude>
    <ClInclude Include="..\detours\spawn_tank.h">
      <Filter>detours</Filter>
    </ClInclude>
    <ClInclude Include="..\detours\spawn_witch.h">
      <Filter>detours</Filter>
    </ClInclude>
    <ClInclude Include="..\detours\try_offering_tank_bot.h">
      <Filter>detours</Filter>
    </ClInclude>
    <ClInclude Include="..\codepatch\autopatch.h">
      <Filter>codepatch</Filter>
    </ClInclude>
    <ClInclude Include="..\codepatch\icodepatch.h">
      <Filter>codepatch</Filter>
    </ClInclude>
    <ClInclude Include="..\codepatch\patchmanager.h">
      <Filter>codepatch</Filter>
    </ClInclude>
    <ClInclude Include="..\detours\shoved_by_survivor.h">
      <Filter>detours</Filter>
    </ClInclude>
    <ClInclude Include="..\detours\spawn_it_mob.h">
      <Filter>detours</Filter>
    </ClInclude>
    <ClInclude Include="..\detours\spawn_mob.h">
      <Filter>detours</Filter>
    </ClInclude>
    <ClInclude Include="..\l4d2sdk\director.h">
      <Filter>Header Files</Filter>
    </ClInclude>
    <ClInclude Include="..\l4d2sdk\l4d2timers.h">
      <Filter>Header Files</Filter>
    </ClInclude>
    <ClInclude Include="..\l4d2sdk\CTerrorWeaponInfo.h">
      <Filter>Header Files</Filter>
    </ClInclude>
    <ClInclude Include="..\detours\get_walk_top_speed.h">
      <Filter>detours</Filter>
    </ClInclude>
    <ClInclude Include="..\detours\get_crouch_top_speed.h">
      <Filter>detours</Filter>
    </ClInclude>
    <ClInclude Include="..\detours\get_run_top_speed.h">
      <Filter>detours</Filter>
    </ClInclude>
    <ClInclude Include="..\detours\has_configurable_difficulty.h">
      <Filter>detours</Filter>
    </ClInclude>
    <ClInclude Include="..\detours\fast_get_survivor_set.h">
      <Filter>detours</Filter>
    </ClInclude>
    <ClInclude Include="..\detours\get_survivor_set.h">
      <Filter>detours</Filter>
    </ClInclude>
    <ClInclude Include="..\detours\get_mission_versus_boss_spawning.h">
      <Filter>detours</Filter>
    </ClInclude>
    <ClInclude Include="..\detours\cthrow_activate_ability.h">
      <Filter>detours</Filter>
    </ClInclude>
    <ClInclude Include="..\detours\on_revived.h">
      <Filter>detours</Filter>
    </ClInclude>
    <ClInclude Include="..\l4d2sdk\l4d2calls.h">
      <Filter>Header Files</Filter>
    </ClInclude>
    <ClInclude Include="..\detours\start_melee_swing.h">
      <Filter>detours</Filter>
    </ClInclude>
    <ClInclude Include="..\l4d2sdk\CMeleeWeaponInfo.h">
      <Filter>Header Files</Filter>
    </ClInclude>
    <ClInclude Include="..\detours\send_in_rescue_vehicle.h">
      <Filter>detours</Filter>
    </ClInclude>
    <ClInclude Include="..\detours\change_finale_stage.h">
      <Filter>detours</Filter>
    </ClInclude>
    <ClInclude Include="..\detours\get_script_value_float.h">
      <Filter>detours</Filter>
    </ClInclude>
    <ClInclude Include="..\detours\get_script_value_string.h">
      <Filter>detours</Filter>
    </ClInclude>
    <ClInclude Include="..\detours\end_versus_mode_round.h">
      <Filter>detours</Filter>
    </ClInclude>
    <ClInclude Include="..\detours\select_weighted_sequence.h">
      <Filter>detours</Filter>
    </ClInclude>
    <ClInclude Include="..\detours\spawn_special.h">
      <Filter>detours</Filter>
    </ClInclude>
    <ClInclude Include="..\detours\spawn_witchbride.h">
      <Filter>detours</Filter>
    </ClInclude>
    <ClInclude Include="..\l4d2sdk\constants.h">
      <Filter>Header Files</Filter>
    </ClInclude>
    <ClInclude Include="..\detours\use_healing_items.h">
      <Filter>detours</Filter>
    </ClInclude>
    <ClInclude Include="..\detours\find_scavenge_item.h">
      <Filter>detours</Filter>
    </ClInclude>
    <ClInclude Include="..\sdk\smsdk_ext.h">
      <Filter>Header Files</Filter>
    </ClInclude>
    <ClInclude Include="..\detours\get_mission_info.h">
      <Filter>detours</Filter>
    </ClInclude>
    <ClInclude Include="..\detours\on_stagger.h">
      <Filter>detours</Filter>
    </ClInclude>
    <ClInclude Include="..\detours\water_move.h">
      <Filter>detours</Filter>
    </ClInclude>
    <ClInclude Include="..\detours\replace_tank.h">
      <Filter>detours</Filter>
    </ClInclude>
	<ClInclude Include="..\detours\choose_victim.h">
      <Filter>detours</Filter>
    </ClInclude>
    <ClInclude Include="..\addons_disabler.h">
      <Filter>Header Files</Filter>
    </ClInclude>
    <ClInclude Include="..\detours\terror_weapon_hit.h">
      <Filter>detours</Filter>
    </ClInclude>
  </ItemGroup>
</Project>